
Microsoft Visual Studio Solution File, Format Version 12.00
# Visual Studio Version 16
VisualStudioVersion = 16.0.29926.136
MinimumVisualStudioVersion = 10.0.40219.1
Project("{9A19103F-16F7-4668-BE54-9A1E7A4F7556}") = "BlueDotBrigade.DatenLokator.TestsTools", "Src\BlueDotBrigade.DatenLokator.TestTools\BlueDotBrigade.DatenLokator.TestsTools.csproj", "{6F6369D1-9B0C-4224-BBDD-C50E6F5F1F78}"
EndProject
Project("{9A19103F-16F7-4668-BE54-9A1E7A4F7556}") = "BlueDotBrigade.DatenLokator.TestTools-UnitTests", "Tst\BlueDotBrigade.DatenLokator.TestTools-UnitTests\BlueDotBrigade.DatenLokator.TestTools-UnitTests.csproj", "{181A251A-2CB0-4E87-9B92-695795A0F941}"
EndProject
Global
	GlobalSection(SolutionConfigurationPlatforms) = preSolution
		Debug|Any CPU = Debug|Any CPU
		Debug|x64 = Debug|x64
		Debug|x86 = Debug|x86
		Release|Any CPU = Release|Any CPU
		Release|x64 = Release|x64
		Release|x86 = Release|x86
	EndGlobalSection
	GlobalSection(ProjectConfigurationPlatforms) = postSolution
		{6F6369D1-9B0C-4224-BBDD-C50E6F5F1F78}.Debug|Any CPU.ActiveCfg = Debug|Any CPU
		{6F6369D1-9B0C-4224-BBDD-C50E6F5F1F78}.Debug|Any CPU.Build.0 = Debug|Any CPU
		{6F6369D1-9B0C-4224-BBDD-C50E6F5F1F78}.Debug|x64.ActiveCfg = Debug|Any CPU
		{6F6369D1-9B0C-4224-BBDD-C50E6F5F1F78}.Debug|x64.Build.0 = Debug|Any CPU
		{6F6369D1-9B0C-4224-BBDD-C50E6F5F1F78}.Debug|x86.ActiveCfg = Debug|Any CPU
		{6F6369D1-9B0C-4224-BBDD-C50E6F5F1F78}.Debug|x86.Build.0 = Debug|Any CPU
		{6F6369D1-9B0C-4224-BBDD-C50E6F5F1F78}.Release|Any CPU.ActiveCfg = Release|Any CPU
		{6F6369D1-9B0C-4224-BBDD-C50E6F5F1F78}.Release|Any CPU.Build.0 = Release|Any CPU
		{6F6369D1-9B0C-4224-BBDD-C50E6F5F1F78}.Release|x64.ActiveCfg = Release|Any CPU
		{6F6369D1-9B0C-4224-BBDD-C50E6F5F1F78}.Release|x64.Build.0 = Release|Any CPU
		{6F6369D1-9B0C-4224-BBDD-C50E6F5F1F78}.Release|x86.ActiveCfg = Release|Any CPU
		{6F6369D1-9B0C-4224-BBDD-C50E6F5F1F78}.Release|x86.Build.0 = Release|Any CPU
		{181A251A-2CB0-4E87-9B92-695795A0F941}.Debug|Any CPU.ActiveCfg = Debug|Any CPU
		{181A251A-2CB0-4E87-9B92-695795A0F941}.Debug|Any CPU.Build.0 = Debug|Any CPU
		{181A251A-2CB0-4E87-9B92-695795A0F941}.Debug|x64.ActiveCfg = Debug|Any CPU
		{181A251A-2CB0-4E87-9B92-695795A0F941}.Debug|x64.Build.0 = Debug|Any CPU
		{181A251A-2CB0-4E87-9B92-695795A0F941}.Debug|x86.ActiveCfg = Debug|Any CPU
		{181A251A-2CB0-4E87-9B92-695795A0F941}.Debug|x86.Build.0 = Debug|Any CPU
		{181A251A-2CB0-4E87-9B92-695795A0F941}.Release|Any CPU.ActiveCfg = Release|Any CPU
		{181A251A-2CB0-4E87-9B92-695795A0F941}.Release|Any CPU.Build.0 = Release|Any CPU
		{181A251A-2CB0-4E87-9B92-695795A0F941}.Release|x64.ActiveCfg = Release|Any CPU
		{181A251A-2CB0-4E87-9B92-695795A0F941}.Release|x64.Build.0 = Release|Any CPU
		{181A251A-2CB0-4E87-9B92-695795A0F941}.Release|x86.ActiveCfg = Release|Any CPU
		{181A251A-2CB0-4E87-9B92-695795A0F941}.Release|x86.Build.0 = Release|Any CPU
	EndGlobalSection
	GlobalSection(SolutionProperties) = preSolution
		HideSolutionNode = FALSE
	EndGlobalSection
	GlobalSection(ExtensibilityGlobals) = postSolution
		SolutionGuid = {22D808B9-7A23-4D7B-96BC-8165871A70AD}
	EndGlobalSection
EndGlobal
